
Microsoft Visual Studio Solution File, Format Version 12.00
# Visual Studio Version 18
VisualStudioVersion = 18.6.11709.129 insiders
MinimumVisualStudioVersion = 10.0.40219.1
Project("{2150E333-8FDC-42A3-9474-1A3956D46DE8}") = "99. Tests", "99. Tests", "{02EA681E-C7D8-13C7-8484-4AC65E1B71E8}"
EndProject
Project("{FAE04EC0-301F-11D3-BF4B-00C04F79EFBC}") = "CodeGator.Logging.Abstractions", "CodeGator.Logging.Abstractions\CodeGator.Logging.Abstractions.csproj", "{F67D2F54-B813-D0F0-CBA3-02D1A488C2F5}"
EndProject
Project("{FAE04EC0-301F-11D3-BF4B-00C04F79EFBC}") = "CodeGator.Logging.Abstractions.UnitTests", "..\tests\CodeGator.Logging.Abstractions.UnitTests\CodeGator.Logging.Abstractions.UnitTests.csproj", "{8118947D-F6B5-FE99-084A-3924275CD07D}"
EndProject
Global
	GlobalSection(SolutionConfigurationPlatforms) = preSolution
		Debug|Any CPU = Debug|Any CPU
		Release|Any CPU = Release|Any CPU
	EndGlobalSection
	GlobalSection(ProjectConfigurationPlatforms) = postSolution
		{F67D2F54-B813-D0F0-CBA3-02D1A488C2F5}.Debug|Any CPU.ActiveCfg = Debug|Any CPU
		{F67D2F54-B813-D0F0-CBA3-02D1A488C2F5}.Debug|Any CPU.Build.0 = Debug|Any CPU
		{F67D2F54-B813-D0F0-CBA3-02D1A488C2F5}.Release|Any CPU.ActiveCfg = Release|Any CPU
		{F67D2F54-B813-D0F0-CBA3-02D1A488C2F5}.Release|Any CPU.Build.0 = Release|Any CPU
		{8118947D-F6B5-FE99-084A-3924275CD07D}.Debug|Any CPU.ActiveCfg = Debug|Any CPU
		{8118947D-F6B5-FE99-084A-3924275CD07D}.Debug|Any CPU.Build.0 = Debug|Any CPU
		{8118947D-F6B5-FE99-084A-3924275CD07D}.Release|Any CPU.ActiveCfg = Release|Any CPU
		{8118947D-F6B5-FE99-084A-3924275CD07D}.Release|Any CPU.Build.0 = Release|Any CPU
	EndGlobalSection
	GlobalSection(SolutionProperties) = preSolution
		HideSolutionNode = FALSE
	EndGlobalSection
	GlobalSection(NestedProjects) = preSolution
		{8118947D-F6B5-FE99-084A-3924275CD07D} = {02EA681E-C7D8-13C7-8484-4AC65E1B71E8}
	EndGlobalSection
	GlobalSection(ExtensibilityGlobals) = postSolution
		SolutionGuid = {EEC32BA8-889C-4B43-9C02-A0A4AA7DFE38}
	EndGlobalSection
EndGlobal
